
Microsoft Visual Studio Solution File, Format Version 12.00
# Visual Studio Version 16
VisualStudioVersion = 16.0.30804.86
MinimumVisualStudioVersion = 10.0.40219.1
Project("{2150E333-8FDC-42A3-9474-1A3956D46DE8}") = "src", "src", "{F3990DDC-7759-46C8-94A5-1268C8EE020A}"
EndProject
Project("{2150E333-8FDC-42A3-9474-1A3956D46DE8}") = "Building Blocks", "Building Blocks", "{603BEDDC-2C67-4DDE-A054-758F4D57BBA8}"
EndProject
Project("{2150E333-8FDC-42A3-9474-1A3956D46DE8}") = "Services", "Services", "{4EFF73F3-3302-4795-94B7-2FA5D82F93AB}"
EndProject
Project("{9A19103F-16F7-4668-BE54-9A1E7A4F7556}") = "eShopEnterprise.Identidade.API", "src\services\eShopEnterprise.Identidade.API\eShopEnterprise.Identidade.API.csproj", "{9621DCE3-F141-4276-9AA5-9682537A9703}"
EndProject
Project("{2150E333-8FDC-42A3-9474-1A3956D46DE8}") = "Core", "Core", "{36FDEF33-9879-4F8B-8B23-162B4F5ECE97}"
EndProject
Project("{9A19103F-16F7-4668-BE54-9A1E7A4F7556}") = "eShopEnterprise.Core", "src\building blocks\eShopEnterprise.Core\eShopEnterprise.Core.csproj", "{C13B31E4-4A96-4275-ACD2-376F8C5F623A}"
EndProject
Project("{2150E333-8FDC-42A3-9474-1A3956D46DE8}") = "Identidade", "Identidade", "{03CA4E86-04DE-4E4D-9C93-E38FA48A565D}"
EndProject
Project("{2150E333-8FDC-42A3-9474-1A3956D46DE8}") = "Carrinho", "Carrinho", "{B21DD5DD-1726-4642-A849-0C8857679510}"
EndProject
Project("{2150E333-8FDC-42A3-9474-1A3956D46DE8}") = "Catalogo", "Catalogo", "{5F1BBB32-AE84-468F-801B-F69FB3DAEF47}"
EndProject
Project("{2150E333-8FDC-42A3-9474-1A3956D46DE8}") = "Cliente", "Cliente", "{E0990D81-3545-4BC1-B3E2-65A76A0D8AFA}"
EndProject
Project("{2150E333-8FDC-42A3-9474-1A3956D46DE8}") = "Pagamento", "Pagamento", "{83ABFEE8-1CA6-48A0-8729-470A0006BFFD}"
EndProject
Project("{9A19103F-16F7-4668-BE54-9A1E7A4F7556}") = "eShopEnterprise.Carrinho.API", "src\services\eShopEnterprise.Carrinho.API\eShopEnterprise.Carrinho.API.csproj", "{D9433E4B-420D-4683-A8D7-8D6606F091A3}"
EndProject
Project("{9A19103F-16F7-4668-BE54-9A1E7A4F7556}") = "eShopEnterprise.Catalogo.API", "src\services\eShopEnterprise.Catalogo.API\eShopEnterprise.Catalogo.API.csproj", "{E89584E8-20D2-44FC-8023-251FD02E7B02}"
EndProject
Project("{9A19103F-16F7-4668-BE54-9A1E7A4F7556}") = "eShopEnterprise.Clientes.API", "src\services\eShopEnterprise.Cliente.API\eShopEnterprise.Clientes.API.csproj", "{68C47C4A-CFD9-4718-9FBC-BEA1729DCC6E}"
EndProject
Project("{9A19103F-16F7-4668-BE54-9A1E7A4F7556}") = "eShopEnterprise.Pagamento.API", "src\services\eShopEnterprise.Pagamento.API\eShopEnterprise.Pagamento.API.csproj", "{57D4C4DB-12EC-4EF1-B0DC-AC0CF427D42E}"
EndProject
Project("{2150E333-8FDC-42A3-9474-1A3956D46DE8}") = "Services", "Services", "{6BD349B4-5EC4-459E-A097-EDC2738F0B65}"
EndProject
Project("{9A19103F-16F7-4668-BE54-9A1E7A4F7556}") = "eShopEnterprise.WebApi.Core", "src\building blocks\eShopEnterprise.WebApi.Core\eShopEnterprise.WebApi.Core.csproj", "{B3182575-0377-4B93-9808-5D0852A8752E}"
EndProject
Project("{2150E333-8FDC-42A3-9474-1A3956D46DE8}") = "MessageBus", "MessageBus", "{F0604BB5-D79B-4206-B4FA-9BBB2522C4B7}"
EndProject
Project("{9A19103F-16F7-4668-BE54-9A1E7A4F7556}") = "eShopEnterprise.MessageBus", "src\building blocks\eShopEnterprise.MessageBus\eShopEnterprise.MessageBus.csproj", "{F5039094-53C1-4652-A129-C89BFAC45ED2}"
EndProject
Project("{2150E333-8FDC-42A3-9474-1A3956D46DE8}") = "ApiGateways", "ApiGateways", "{2CC0B051-B8AE-497A-BCE3-9A34C52ED065}"
EndProject
Project("{2150E333-8FDC-42A3-9474-1A3956D46DE8}") = "Compras", "Compras", "{803EBC2E-7760-4777-B78D-9F8C62C5591E}"
EndProject
Project("{9A19103F-16F7-4668-BE54-9A1E7A4F7556}") = "eShopEnterprise.Bff.Compras", "src\api gateways\eShopEnterprise.Bff.Compras\eShopEnterprise.Bff.Compras.csproj", "{FEE51C98-5754-471E-BD81-C66180F003A9}"
EndProject
Project("{2150E333-8FDC-42A3-9474-1A3956D46DE8}") = "Pedido", "Pedido", "{DEE82804-BAB3-4864-8270-57C2F4F0BBA5}"
EndProject
Project("{9A19103F-16F7-4668-BE54-9A1E7A4F7556}") = "eShopEnterprise.Pedidos.API", "src\services\eShopEnterprise.Pedidos.API\eShopEnterprise.Pedidos.API.csproj", "{251E6A5A-2C9D-4416-B2AB-E089FED14610}"
EndProject
Project("{9A19103F-16F7-4668-BE54-9A1E7A4F7556}") = "eShopEnterprise.Pedidos.Domain", "src\services\eShopEnterprise.Pedidos.Domain\eShopEnterprise.Pedidos.Domain.csproj", "{8B4C76AF-0955-42AC-9BEA-932362758455}"
EndProject
Project("{9A19103F-16F7-4668-BE54-9A1E7A4F7556}") = "eShopEnterprise.Pedidos.Infra", "src\services\eShopEnterprise.Pedidos.Infra\eShopEnterprise.Pedidos.Infra.csproj", "{7E16DD28-7E4D-46DD-BF75-6910998E48C7}"
EndProject
Project("{9A19103F-16F7-4668-BE54-9A1E7A4F7556}") = "eShopEnterprise.Pagamento.ShopPag", "src\services\eShopEnterprise.Pagamento.ShopPag\eShopEnterprise.Pagamento.ShopPag.csproj", "{D35F465E-605C-4C72-B3DE-F76A57E0E0C9}"
EndProject
Project("{9A19103F-16F7-4668-BE54-9A1E7A4F7556}") = "eShopEnterprise.Jwt", "src\building blocks\eShopEnterprise.Jwt\eShopEnterprise.Jwt.csproj", "{8A15C37A-9D97-4A49-991F-C13C144F7058}"
EndProject
Project("{9A19103F-16F7-4668-BE54-9A1E7A4F7556}") = "eShopEnterprise.Jwt.AspNetCore", "src\building blocks\eShopEnterprise.Jwt.AspNetCore\eShopEnterprise.Jwt.AspNetCore.csproj", "{F6F00121-32D6-413C-8C5E-97B741317D62}"
EndProject
Project("{9A19103F-16F7-4668-BE54-9A1E7A4F7556}") = "eShopEnterprise.JwtExtensions", "src\building blocks\eShopEnterprise.JwtExtensions\eShopEnterprise.JwtExtensions.csproj", "{CD3C577C-AFA0-4DDF-AF9A-5EA16F57F1D9}"
EndProject
Project("{9A19103F-16F7-4668-BE54-9A1E7A4F7556}") = "eShopEnterprise.Jwt.Store.EntityFrameworkCore", "src\building blocks\eShopEnterprise.Jwt.Store.EntityFrameworkCore\eShopEnterprise.Jwt.Store.EntityFrameworkCore.csproj", "{E5F300F5-00BA-4A34-A7E7-B0DC40900AE2}"
EndProject
Global
	GlobalSection(SolutionConfigurationPlatforms) = preSolution
		Debug|Any CPU = Debug|Any CPU
		Release|Any CPU = Release|Any CPU
	EndGlobalSection
	GlobalSection(ProjectConfigurationPlatforms) = postSolution
		{9621DCE3-F141-4276-9AA5-9682537A9703}.Debug|Any CPU.ActiveCfg = Debug|Any CPU
		{9621DCE3-F141-4276-9AA5-9682537A9703}.Debug|Any CPU.Build.0 = Debug|Any CPU
		{9621DCE3-F141-4276-9AA5-9682537A9703}.Release|Any CPU.ActiveCfg = Release|Any CPU
		{9621DCE3-F141-4276-9AA5-9682537A9703}.Release|Any CPU.Build.0 = Release|Any CPU
		{C13B31E4-4A96-4275-ACD2-376F8C5F623A}.Debug|Any CPU.ActiveCfg = Debug|Any CPU
		{C13B31E4-4A96-4275-ACD2-376F8C5F623A}.Debug|Any CPU.Build.0 = Debug|Any CPU
		{C13B31E4-4A96-4275-ACD2-376F8C5F623A}.Release|Any CPU.ActiveCfg = Release|Any CPU
		{C13B31E4-4A96-4275-ACD2-376F8C5F623A}.Release|Any CPU.Build.0 = Release|Any CPU
		{D9433E4B-420D-4683-A8D7-8D6606F091A3}.Debug|Any CPU.ActiveCfg = Debug|Any CPU
		{D9433E4B-420D-4683-A8D7-8D6606F091A3}.Debug|Any CPU.Build.0 = Debug|Any CPU
		{D9433E4B-420D-4683-A8D7-8D6606F091A3}.Release|Any CPU.ActiveCfg = Release|Any CPU
		{D9433E4B-420D-4683-A8D7-8D6606F091A3}.Release|Any CPU.Build.0 = Release|Any CPU
		{E89584E8-20D2-44FC-8023-251FD02E7B02}.Debug|Any CPU.ActiveCfg = Debug|Any CPU
		{E89584E8-20D2-44FC-8023-251FD02E7B02}.Debug|Any CPU.Build.0 = Debug|Any CPU
		{E89584E8-20D2-44FC-8023-251FD02E7B02}.Release|Any CPU.ActiveCfg = Release|Any CPU
		{E89584E8-20D2-44FC-8023-251FD02E7B02}.Release|Any CPU.Build.0 = Release|Any CPU
		{68C47C4A-CFD9-4718-9FBC-BEA1729DCC6E}.Debug|Any CPU.ActiveCfg = Debug|Any CPU
		{68C47C4A-CFD9-4718-9FBC-BEA1729DCC6E}.Debug|Any CPU.Build.0 = Debug|Any CPU
		{68C47C4A-CFD9-4718-9FBC-BEA1729DCC6E}.Release|Any CPU.ActiveCfg = Release|Any CPU
		{68C47C4A-CFD9-4718-9FBC-BEA1729DCC6E}.Release|Any CPU.Build.0 = Release|Any CPU
		{57D4C4DB-12EC-4EF1-B0DC-AC0CF427D42E}.Debug|Any CPU.ActiveCfg = Debug|Any CPU
		{57D4C4DB-12EC-4EF1-B0DC-AC0CF427D42E}.Debug|Any CPU.Build.0 = Debug|Any CPU
		{57D4C4DB-12EC-4EF1-B0DC-AC0CF427D42E}.Release|Any CPU.ActiveCfg = Release|Any CPU
		{57D4C4DB-12EC-4EF1-B0DC-AC0CF427D42E}.Release|Any CPU.Build.0 = Release|Any CPU
		{B3182575-0377-4B93-9808-5D0852A8752E}.Debug|Any CPU.ActiveCfg = Debug|Any CPU
		{B3182575-0377-4B93-9808-5D0852A8752E}.Debug|Any CPU.Build.0 = Debug|Any CPU
		{B3182575-0377-4B93-9808-5D0852A8752E}.Release|Any CPU.ActiveCfg = Release|Any CPU
		{B3182575-0377-4B93-9808-5D0852A8752E}.Release|Any CPU.Build.0 = Release|Any CPU
		{F5039094-53C1-4652-A129-C89BFAC45ED2}.Debug|Any CPU.ActiveCfg = Debug|Any CPU
		{F5039094-53C1-4652-A129-C89BFAC45ED2}.Debug|Any CPU.Build.0 = Debug|Any CPU
		{F5039094-53C1-4652-A129-C89BFAC45ED2}.Release|Any CPU.ActiveCfg = Release|Any CPU
		{F5039094-53C1-4652-A129-C89BFAC45ED2}.Release|Any CPU.Build.0 = Release|Any CPU
		{FEE51C98-5754-471E-BD81-C66180F003A9}.Debug|Any CPU.ActiveCfg = Debug|Any CPU
		{FEE51C98-5754-471E-BD81-C66180F003A9}.Debug|Any CPU.Build.0 = Debug|Any CPU
		{FEE51C98-5754-471E-BD81-C66180F003A9}.Release|Any CPU.ActiveCfg = Release|Any CPU
		{FEE51C98-5754-471E-BD81-C66180F003A9}.Release|Any CPU.Build.0 = Release|Any CPU
		{251E6A5A-2C9D-4416-B2AB-E089FED14610}.Debug|Any CPU.ActiveCfg = Debug|Any CPU
		{251E6A5A-2C9D-4416-B2AB-E089FED14610}.Debug|Any CPU.Build.0 = Debug|Any CPU
		{251E6A5A-2C9D-4416-B2AB-E089FED14610}.Release|Any CPU.ActiveCfg = Release|Any CPU
		{251E6A5A-2C9D-4416-B2AB-E089FED14610}.Release|Any CPU.Build.0 = Release|Any CPU
		{8B4C76AF-0955-42AC-9BEA-932362758455}.Debug|Any CPU.ActiveCfg = Debug|Any CPU
		{8B4C76AF-0955-42AC-9BEA-932362758455}.Debug|Any CPU.Build.0 = Debug|Any CPU
		{8B4C76AF-0955-42AC-9BEA-932362758455}.Release|Any CPU.ActiveCfg = Release|Any CPU
		{8B4C76AF-0955-42AC-9BEA-932362758455}.Release|Any CPU.Build.0 = Release|Any CPU
		{7E16DD28-7E4D-46DD-BF75-6910998E48C7}.Debug|Any CPU.ActiveCfg = Debug|Any CPU
		{7E16DD28-7E4D-46DD-BF75-6910998E48C7}.Debug|Any CPU.Build.0 = Debug|Any CPU
		{7E16DD28-7E4D-46DD-BF75-6910998E48C7}.Release|Any CPU.ActiveCfg = Release|Any CPU
		{7E16DD28-7E4D-46DD-BF75-6910998E48C7}.Release|Any CPU.Build.0 = Release|Any CPU
		{D35F465E-605C-4C72-B3DE-F76A57E0E0C9}.Debug|Any CPU.ActiveCfg = Debug|Any CPU
		{D35F465E-605C-4C72-B3DE-F76A57E0E0C9}.Debug|Any CPU.Build.0 = Debug|Any CPU
		{D35F465E-605C-4C72-B3DE-F76A57E0E0C9}.Release|Any CPU.ActiveCfg = Release|Any CPU
		{D35F465E-605C-4C72-B3DE-F76A57E0E0C9}.Release|Any CPU.Build.0 = Release|Any CPU
		{8A15C37A-9D97-4A49-991F-C13C144F7058}.Debug|Any CPU.ActiveCfg = Debug|Any CPU
		{8A15C37A-9D97-4A49-991F-C13C144F7058}.Debug|Any CPU.Build.0 = Debug|Any CPU
		{8A15C37A-9D97-4A49-991F-C13C144F7058}.Release|Any CPU.ActiveCfg = Release|Any CPU
		{8A15C37A-9D97-4A49-991F-C13C144F7058}.Release|Any CPU.Build.0 = Release|Any CPU
		{F6F00121-32D6-413C-8C5E-97B741317D62}.Debug|Any CPU.ActiveCfg = Debug|Any CPU
		{F6F00121-32D6-413C-8C5E-97B741317D62}.Debug|Any CPU.Build.0 = Debug|Any CPU
		{F6F00121-32D6-413C-8C5E-97B741317D62}.Release|Any CPU.ActiveCfg = Release|Any CPU
		{F6F00121-32D6-413C-8C5E-97B741317D62}.Release|Any CPU.Build.0 = Release|Any CPU
		{CD3C577C-AFA0-4DDF-AF9A-5EA16F57F1D9}.Debug|Any CPU.ActiveCfg = Debug|Any CPU
		{CD3C577C-AFA0-4DDF-AF9A-5EA16F57F1D9}.Debug|Any CPU.Build.0 = Debug|Any CPU
		{CD3C577C-AFA0-4DDF-AF9A-5EA16F57F1D9}.Release|Any CPU.ActiveCfg = Release|Any CPU
		{CD3C577C-AFA0-4DDF-AF9A-5EA16F57F1D9}.Release|Any CPU.Build.0 = Release|Any CPU
		{E5F300F5-00BA-4A34-A7E7-B0DC40900AE2}.Debug|Any CPU.ActiveCfg = Debug|Any CPU
		{E5F300F5-00BA-4A34-A7E7-B0DC40900AE2}.Debug|Any CPU.Build.0 = Debug|Any CPU
		{E5F300F5-00BA-4A34-A7E7-B0DC40900AE2}.Release|Any CPU.ActiveCfg = Release|Any CPU
		{E5F300F5-00BA-4A34-A7E7-B0DC40900AE2}.Release|Any CPU.Build.0 = Release|Any CPU
	EndGlobalSection
	GlobalSection(SolutionProperties) = preSolution
		HideSolutionNode = FALSE
	EndGlobalSection
	GlobalSection(NestedProjects) = preSolution
		{603BEDDC-2C67-4DDE-A054-758F4D57BBA8} = {F3990DDC-7759-46C8-94A5-1268C8EE020A}
		{4EFF73F3-3302-4795-94B7-2FA5D82F93AB} = {F3990DDC-7759-46C8-94A5-1268C8EE020A}
		{9621DCE3-F141-4276-9AA5-9682537A9703} = {03CA4E86-04DE-4E4D-9C93-E38FA48A565D}
		{36FDEF33-9879-4F8B-8B23-162B4F5ECE97} = {603BEDDC-2C67-4DDE-A054-758F4D57BBA8}
		{C13B31E4-4A96-4275-ACD2-376F8C5F623A} = {36FDEF33-9879-4F8B-8B23-162B4F5ECE97}
		{03CA4E86-04DE-4E4D-9C93-E38FA48A565D} = {4EFF73F3-3302-4795-94B7-2FA5D82F93AB}
		{B21DD5DD-1726-4642-A849-0C8857679510} = {4EFF73F3-3302-4795-94B7-2FA5D82F93AB}
		{5F1BBB32-AE84-468F-801B-F69FB3DAEF47} = {4EFF73F3-3302-4795-94B7-2FA5D82F93AB}
		{E0990D81-3545-4BC1-B3E2-65A76A0D8AFA} = {4EFF73F3-3302-4795-94B7-2FA5D82F93AB}
		{83ABFEE8-1CA6-48A0-8729-470A0006BFFD} = {4EFF73F3-3302-4795-94B7-2FA5D82F93AB}
		{D9433E4B-420D-4683-A8D7-8D6606F091A3} = {B21DD5DD-1726-4642-A849-0C8857679510}
		{E89584E8-20D2-44FC-8023-251FD02E7B02} = {5F1BBB32-AE84-468F-801B-F69FB3DAEF47}
		{68C47C4A-CFD9-4718-9FBC-BEA1729DCC6E} = {E0990D81-3545-4BC1-B3E2-65A76A0D8AFA}
		{57D4C4DB-12EC-4EF1-B0DC-AC0CF427D42E} = {83ABFEE8-1CA6-48A0-8729-470A0006BFFD}
		{6BD349B4-5EC4-459E-A097-EDC2738F0B65} = {603BEDDC-2C67-4DDE-A054-758F4D57BBA8}
		{B3182575-0377-4B93-9808-5D0852A8752E} = {6BD349B4-5EC4-459E-A097-EDC2738F0B65}
		{F0604BB5-D79B-4206-B4FA-9BBB2522C4B7} = {603BEDDC-2C67-4DDE-A054-758F4D57BBA8}
		{F5039094-53C1-4652-A129-C89BFAC45ED2} = {F0604BB5-D79B-4206-B4FA-9BBB2522C4B7}
		{2CC0B051-B8AE-497A-BCE3-9A34C52ED065} = {F3990DDC-7759-46C8-94A5-1268C8EE020A}
		{803EBC2E-7760-4777-B78D-9F8C62C5591E} = {2CC0B051-B8AE-497A-BCE3-9A34C52ED065}
		{FEE51C98-5754-471E-BD81-C66180F003A9} = {803EBC2E-7760-4777-B78D-9F8C62C5591E}
		{DEE82804-BAB3-4864-8270-57C2F4F0BBA5} = {4EFF73F3-3302-4795-94B7-2FA5D82F93AB}
		{251E6A5A-2C9D-4416-B2AB-E089FED14610} = {DEE82804-BAB3-4864-8270-57C2F4F0BBA5}
		{8B4C76AF-0955-42AC-9BEA-932362758455} = {DEE82804-BAB3-4864-8270-57C2F4F0BBA5}
		{7E16DD28-7E4D-46DD-BF75-6910998E48C7} = {DEE82804-BAB3-4864-8270-57C2F4F0BBA5}
		{D35F465E-605C-4C72-B3DE-F76A57E0E0C9} = {83ABFEE8-1CA6-48A0-8729-470A0006BFFD}
		{8A15C37A-9D97-4A49-991F-C13C144F7058} = {6BD349B4-5EC4-459E-A097-EDC2738F0B65}
		{F6F00121-32D6-413C-8C5E-97B741317D62} = {6BD349B4-5EC4-459E-A097-EDC2738F0B65}
		{CD3C577C-AFA0-4DDF-AF9A-5EA16F57F1D9} = {6BD349B4-5EC4-459E-A097-EDC2738F0B65}
		{E5F300F5-00BA-4A34-A7E7-B0DC40900AE2} = {6BD349B4-5EC4-459E-A097-EDC2738F0B65}
	EndGlobalSection
	GlobalSection(ExtensibilityGlobals) = postSolution
		SolutionGuid = {B3E73E68-E03D-4E85-9716-CF20541D2C6F}
	EndGlobalSection
EndGlobal
