
Microsoft Visual Studio Solution File, Format Version 12.00
# Visual Studio Version 16
VisualStudioVersion = 16.0.30804.86
MinimumVisualStudioVersion = 10.0.40219.1
Project("{2150E333-8FDC-42A3-9474-1A3956D46DE8}") = "src", "src", "{F3990DDC-7759-46C8-94A5-1268C8EE020A}"
EndProject
Project("{2150E333-8FDC-42A3-9474-1A3956D46DE8}") = "Building Blocks", "Building Blocks", "{603BEDDC-2C67-4DDE-A054-758F4D57BBA8}"
EndProject
Project("{2150E333-8FDC-42A3-9474-1A3956D46DE8}") = "Services", "Services", "{4EFF73F3-3302-4795-94B7-2FA5D82F93AB}"
EndProject
Project("{9A19103F-16F7-4668-BE54-9A1E7A4F7556}") = "eShopEnterprise.Identidade.API", "src\services\eShopEnterprise.Identidade.API\eShopEnterprise.Identidade.API.csproj", "{9621DCE3-F141-4276-9AA5-9682537A9703}"
EndProject
Project("{2150E333-8FDC-42A3-9474-1A3956D46DE8}") = "Core", "Core", "{36FDEF33-9879-4F8B-8B23-162B4F5ECE97}"
EndProject
Project("{9A19103F-16F7-4668-BE54-9A1E7A4F7556}") = "eShopEnterprise.Core", "src\building blocks\eShopEnterprise.Core\eShopEnterprise.Core.csproj", "{C13B31E4-4A96-4275-ACD2-376F8C5F623A}"
EndProject
Project("{2150E333-8FDC-42A3-9474-1A3956D46DE8}") = "Identidade", "Identidade", "{03CA4E86-04DE-4E4D-9C93-E38FA48A565D}"
EndProject
Project("{2150E333-8FDC-42A3-9474-1A3956D46DE8}") = "Carrinho", "Carrinho", "{B21DD5DD-1726-4642-A849-0C8857679510}"
EndProject
Project("{2150E333-8FDC-42A3-9474-1A3956D46DE8}") = "Catalogo", "Catalogo", "{5F1BBB32-AE84-468F-801B-F69FB3DAEF47}"
EndProject
Project("{2150E333-8FDC-42A3-9474-1A3956D46DE8}") = "Cliente", "Cliente", "{E0990D81-3545-4BC1-B3E2-65A76A0D8AFA}"
EndProject
Project("{2150E333-8FDC-42A3-9474-1A3956D46DE8}") = "Pagamento", "Pagamento", "{83ABFEE8-1CA6-48A0-8729-470A0006BFFD}"
EndProject
Project("{2150E333-8FDC-42A3-9474-1A3956D46DE8}") = "Pedido", "Pedido", "{1FEC1496-CE21-48A3-8132-C8DF0F6D7E97}"
EndProject
Project("{9A19103F-16F7-4668-BE54-9A1E7A4F7556}") = "eShopEnterprise.Carrinho.API", "src\services\eShopEnterprise.Carrinho.API\eShopEnterprise.Carrinho.API.csproj", "{D9433E4B-420D-4683-A8D7-8D6606F091A3}"
EndProject
Project("{9A19103F-16F7-4668-BE54-9A1E7A4F7556}") = "eShopEnterprise.Catalogo.API", "src\services\eShopEnterprise.Catalogo.API\eShopEnterprise.Catalogo.API.csproj", "{E89584E8-20D2-44FC-8023-251FD02E7B02}"
EndProject
Project("{9A19103F-16F7-4668-BE54-9A1E7A4F7556}") = "eShopEnterprise.Clientes.API", "src\services\eShopEnterprise.Cliente.API\eShopEnterprise.Clientes.API.csproj", "{68C47C4A-CFD9-4718-9FBC-BEA1729DCC6E}"
EndProject
Project("{9A19103F-16F7-4668-BE54-9A1E7A4F7556}") = "eShopEnterprise.Pagamento.API", "src\services\eShopEnterprise.Pagamento.API\eShopEnterprise.Pagamento.API.csproj", "{57D4C4DB-12EC-4EF1-B0DC-AC0CF427D42E}"
EndProject
Project("{9A19103F-16F7-4668-BE54-9A1E7A4F7556}") = "eShopEnterprise.Pedido.API", "src\services\eShopEnterprise.Pedido.API\eShopEnterprise.Pedido.API.csproj", "{087105FA-D439-4CF2-9CAE-B39DF0022EF2}"
EndProject
Project("{2150E333-8FDC-42A3-9474-1A3956D46DE8}") = "Services", "Services", "{6BD349B4-5EC4-459E-A097-EDC2738F0B65}"
EndProject
Project("{9A19103F-16F7-4668-BE54-9A1E7A4F7556}") = "eShopEnterprise.WebApi.Core", "src\building blocks\eShopEnterprise.WebApi.Core\eShopEnterprise.WebApi.Core.csproj", "{B3182575-0377-4B93-9808-5D0852A8752E}"
EndProject
Global
	GlobalSection(SolutionConfigurationPlatforms) = preSolution
		Debug|Any CPU = Debug|Any CPU
		Release|Any CPU = Release|Any CPU
	EndGlobalSection
	GlobalSection(ProjectConfigurationPlatforms) = postSolution
		{9621DCE3-F141-4276-9AA5-9682537A9703}.Debug|Any CPU.ActiveCfg = Debug|Any CPU
		{9621DCE3-F141-4276-9AA5-9682537A9703}.Debug|Any CPU.Build.0 = Debug|Any CPU
		{9621DCE3-F141-4276-9AA5-9682537A9703}.Release|Any CPU.ActiveCfg = Release|Any CPU
		{9621DCE3-F141-4276-9AA5-9682537A9703}.Release|Any CPU.Build.0 = Release|Any CPU
		{C13B31E4-4A96-4275-ACD2-376F8C5F623A}.Debug|Any CPU.ActiveCfg = Debug|Any CPU
		{C13B31E4-4A96-4275-ACD2-376F8C5F623A}.Debug|Any CPU.Build.0 = Debug|Any CPU
		{C13B31E4-4A96-4275-ACD2-376F8C5F623A}.Release|Any CPU.ActiveCfg = Release|Any CPU
		{C13B31E4-4A96-4275-ACD2-376F8C5F623A}.Release|Any CPU.Build.0 = Release|Any CPU
		{D9433E4B-420D-4683-A8D7-8D6606F091A3}.Debug|Any CPU.ActiveCfg = Debug|Any CPU
		{D9433E4B-420D-4683-A8D7-8D6606F091A3}.Debug|Any CPU.Build.0 = Debug|Any CPU
		{D9433E4B-420D-4683-A8D7-8D6606F091A3}.Release|Any CPU.ActiveCfg = Release|Any CPU
		{D9433E4B-420D-4683-A8D7-8D6606F091A3}.Release|Any CPU.Build.0 = Release|Any CPU
		{E89584E8-20D2-44FC-8023-251FD02E7B02}.Debug|Any CPU.ActiveCfg = Debug|Any CPU
		{E89584E8-20D2-44FC-8023-251FD02E7B02}.Debug|Any CPU.Build.0 = Debug|Any CPU
		{E89584E8-20D2-44FC-8023-251FD02E7B02}.Release|Any CPU.ActiveCfg = Release|Any CPU
		{E89584E8-20D2-44FC-8023-251FD02E7B02}.Release|Any CPU.Build.0 = Release|Any CPU
		{68C47C4A-CFD9-4718-9FBC-BEA1729DCC6E}.Debug|Any CPU.ActiveCfg = Debug|Any CPU
		{68C47C4A-CFD9-4718-9FBC-BEA1729DCC6E}.Debug|Any CPU.Build.0 = Debug|Any CPU
		{68C47C4A-CFD9-4718-9FBC-BEA1729DCC6E}.Release|Any CPU.ActiveCfg = Release|Any CPU
		{68C47C4A-CFD9-4718-9FBC-BEA1729DCC6E}.Release|Any CPU.Build.0 = Release|Any CPU
		{57D4C4DB-12EC-4EF1-B0DC-AC0CF427D42E}.Debug|Any CPU.ActiveCfg = Debug|Any CPU
		{57D4C4DB-12EC-4EF1-B0DC-AC0CF427D42E}.Debug|Any CPU.Build.0 = Debug|Any CPU
		{57D4C4DB-12EC-4EF1-B0DC-AC0CF427D42E}.Release|Any CPU.ActiveCfg = Release|Any CPU
		{57D4C4DB-12EC-4EF1-B0DC-AC0CF427D42E}.Release|Any CPU.Build.0 = Release|Any CPU
		{087105FA-D439-4CF2-9CAE-B39DF0022EF2}.Debug|Any CPU.ActiveCfg = Debug|Any CPU
		{087105FA-D439-4CF2-9CAE-B39DF0022EF2}.Debug|Any CPU.Build.0 = Debug|Any CPU
		{087105FA-D439-4CF2-9CAE-B39DF0022EF2}.Release|Any CPU.ActiveCfg = Release|Any CPU
		{087105FA-D439-4CF2-9CAE-B39DF0022EF2}.Release|Any CPU.Build.0 = Release|Any CPU
		{B3182575-0377-4B93-9808-5D0852A8752E}.Debug|Any CPU.ActiveCfg = Debug|Any CPU
		{B3182575-0377-4B93-9808-5D0852A8752E}.Debug|Any CPU.Build.0 = Debug|Any CPU
		{B3182575-0377-4B93-9808-5D0852A8752E}.Release|Any CPU.ActiveCfg = Release|Any CPU
		{B3182575-0377-4B93-9808-5D0852A8752E}.Release|Any CPU.Build.0 = Release|Any CPU
	EndGlobalSection
	GlobalSection(SolutionProperties) = preSolution
		HideSolutionNode = FALSE
	EndGlobalSection
	GlobalSection(NestedProjects) = preSolution
		{603BEDDC-2C67-4DDE-A054-758F4D57BBA8} = {F3990DDC-7759-46C8-94A5-1268C8EE020A}
		{4EFF73F3-3302-4795-94B7-2FA5D82F93AB} = {F3990DDC-7759-46C8-94A5-1268C8EE020A}
		{9621DCE3-F141-4276-9AA5-9682537A9703} = {03CA4E86-04DE-4E4D-9C93-E38FA48A565D}
		{36FDEF33-9879-4F8B-8B23-162B4F5ECE97} = {603BEDDC-2C67-4DDE-A054-758F4D57BBA8}
		{C13B31E4-4A96-4275-ACD2-376F8C5F623A} = {36FDEF33-9879-4F8B-8B23-162B4F5ECE97}
		{03CA4E86-04DE-4E4D-9C93-E38FA48A565D} = {4EFF73F3-3302-4795-94B7-2FA5D82F93AB}
		{B21DD5DD-1726-4642-A849-0C8857679510} = {4EFF73F3-3302-4795-94B7-2FA5D82F93AB}
		{5F1BBB32-AE84-468F-801B-F69FB3DAEF47} = {4EFF73F3-3302-4795-94B7-2FA5D82F93AB}
		{E0990D81-3545-4BC1-B3E2-65A76A0D8AFA} = {4EFF73F3-3302-4795-94B7-2FA5D82F93AB}
		{83ABFEE8-1CA6-48A0-8729-470A0006BFFD} = {4EFF73F3-3302-4795-94B7-2FA5D82F93AB}
		{1FEC1496-CE21-48A3-8132-C8DF0F6D7E97} = {4EFF73F3-3302-4795-94B7-2FA5D82F93AB}
		{D9433E4B-420D-4683-A8D7-8D6606F091A3} = {B21DD5DD-1726-4642-A849-0C8857679510}
		{E89584E8-20D2-44FC-8023-251FD02E7B02} = {5F1BBB32-AE84-468F-801B-F69FB3DAEF47}
		{68C47C4A-CFD9-4718-9FBC-BEA1729DCC6E} = {E0990D81-3545-4BC1-B3E2-65A76A0D8AFA}
		{57D4C4DB-12EC-4EF1-B0DC-AC0CF427D42E} = {83ABFEE8-1CA6-48A0-8729-470A0006BFFD}
		{087105FA-D439-4CF2-9CAE-B39DF0022EF2} = {1FEC1496-CE21-48A3-8132-C8DF0F6D7E97}
		{6BD349B4-5EC4-459E-A097-EDC2738F0B65} = {603BEDDC-2C67-4DDE-A054-758F4D57BBA8}
		{B3182575-0377-4B93-9808-5D0852A8752E} = {6BD349B4-5EC4-459E-A097-EDC2738F0B65}
	EndGlobalSection
	GlobalSection(ExtensibilityGlobals) = postSolution
		SolutionGuid = {B3E73E68-E03D-4E85-9716-CF20541D2C6F}
	EndGlobalSection
EndGlobal
